
Microsoft Visual Studio Solution File, Format Version 12.00
# Visual Studio Version 17
VisualStudioVersion = 17.14.36401.2
MinimumVisualStudioVersion = 10.0.40219.1
Project("{2150E333-8FDC-42A3-9474-1A3956D46DE8}") = "src", "src", "{02EA681E-C7D8-13C7-8484-4AC65E1B71E8}"
EndProject
Project("{2150E333-8FDC-42A3-9474-1A3956D46DE8}") = "Core", "Core", "{785937E6-D305-419D-A20D-C26E8963F52E}"
EndProject
Project("{2150E333-8FDC-42A3-9474-1A3956D46DE8}") = "Infrastructure", "Infrastructure", "{64E6CCA4-0C99-4EDC-BFAA-4FD69AFBE4E8}"
EndProject
Project("{2150E333-8FDC-42A3-9474-1A3956D46DE8}") = "UI", "UI", "{2753B0E4-3BFA-4761-AB14-A8E025677996}"
EndProject
Project("{FAE04EC0-301F-11D3-BF4B-00C04F79EFBC}") = "WebUI", "WebUI\WebUI.csproj", "{DACE6E09-926B-44FD-88DD-49B902B4F609}"
EndProject
Project("{FAE04EC0-301F-11D3-BF4B-00C04F79EFBC}") = "Domain", "Domain\Domain.csproj", "{C208B7B5-12CC-419E-8691-7DB8EC25DE69}"
EndProject
Project("{FAE04EC0-301F-11D3-BF4B-00C04F79EFBC}") = "Application", "Application\Application.csproj", "{E54A2629-FA66-42B4-AB18-27B00A8EF413}"
EndProject
Project("{FAE04EC0-301F-11D3-BF4B-00C04F79EFBC}") = "Infrastructure", "Infrastructure\Infrastructure.csproj", "{F8F389A0-6B56-4158-AA2D-E17CA3FF4DA1}"
EndProject
Project("{FAE04EC0-301F-11D3-BF4B-00C04F79EFBC}") = "Persistence", "Persistence\Persistence.csproj", "{CE75424E-A021-4B17-8A67-31FA8FA85B66}"
EndProject
Global
	GlobalSection(SolutionConfigurationPlatforms) = preSolution
		Debug|Any CPU = Debug|Any CPU
		Release|Any CPU = Release|Any CPU
	EndGlobalSection
	GlobalSection(ProjectConfigurationPlatforms) = postSolution
		{DACE6E09-926B-44FD-88DD-49B902B4F609}.Debug|Any CPU.ActiveCfg = Debug|Any CPU
		{DACE6E09-926B-44FD-88DD-49B902B4F609}.Debug|Any CPU.Build.0 = Debug|Any CPU
		{DACE6E09-926B-44FD-88DD-49B902B4F609}.Release|Any CPU.ActiveCfg = Release|Any CPU
		{DACE6E09-926B-44FD-88DD-49B902B4F609}.Release|Any CPU.Build.0 = Release|Any CPU
		{C208B7B5-12CC-419E-8691-7DB8EC25DE69}.Debug|Any CPU.ActiveCfg = Debug|Any CPU
		{C208B7B5-12CC-419E-8691-7DB8EC25DE69}.Debug|Any CPU.Build.0 = Debug|Any CPU
		{C208B7B5-12CC-419E-8691-7DB8EC25DE69}.Release|Any CPU.ActiveCfg = Release|Any CPU
		{C208B7B5-12CC-419E-8691-7DB8EC25DE69}.Release|Any CPU.Build.0 = Release|Any CPU
		{E54A2629-FA66-42B4-AB18-27B00A8EF413}.Debug|Any CPU.ActiveCfg = Debug|Any CPU
		{E54A2629-FA66-42B4-AB18-27B00A8EF413}.Debug|Any CPU.Build.0 = Debug|Any CPU
		{E54A2629-FA66-42B4-AB18-27B00A8EF413}.Release|Any CPU.ActiveCfg = Release|Any CPU
		{E54A2629-FA66-42B4-AB18-27B00A8EF413}.Release|Any CPU.Build.0 = Release|Any CPU
		{F8F389A0-6B56-4158-AA2D-E17CA3FF4DA1}.Debug|Any CPU.ActiveCfg = Debug|Any CPU
		{F8F389A0-6B56-4158-AA2D-E17CA3FF4DA1}.Debug|Any CPU.Build.0 = Debug|Any CPU
		{F8F389A0-6B56-4158-AA2D-E17CA3FF4DA1}.Release|Any CPU.ActiveCfg = Release|Any CPU
		{F8F389A0-6B56-4158-AA2D-E17CA3FF4DA1}.Release|Any CPU.Build.0 = Release|Any CPU
		{CE75424E-A021-4B17-8A67-31FA8FA85B66}.Debug|Any CPU.ActiveCfg = Debug|Any CPU
		{CE75424E-A021-4B17-8A67-31FA8FA85B66}.Debug|Any CPU.Build.0 = Debug|Any CPU
		{CE75424E-A021-4B17-8A67-31FA8FA85B66}.Release|Any CPU.ActiveCfg = Release|Any CPU
		{CE75424E-A021-4B17-8A67-31FA8FA85B66}.Release|Any CPU.Build.0 = Release|Any CPU
	EndGlobalSection
	GlobalSection(SolutionProperties) = preSolution
		HideSolutionNode = FALSE
	EndGlobalSection
	GlobalSection(NestedProjects) = preSolution
		{785937E6-D305-419D-A20D-C26E8963F52E} = {02EA681E-C7D8-13C7-8484-4AC65E1B71E8}
		{64E6CCA4-0C99-4EDC-BFAA-4FD69AFBE4E8} = {02EA681E-C7D8-13C7-8484-4AC65E1B71E8}
		{2753B0E4-3BFA-4761-AB14-A8E025677996} = {02EA681E-C7D8-13C7-8484-4AC65E1B71E8}
		{DACE6E09-926B-44FD-88DD-49B902B4F609} = {2753B0E4-3BFA-4761-AB14-A8E025677996}
		{C208B7B5-12CC-419E-8691-7DB8EC25DE69} = {785937E6-D305-419D-A20D-C26E8963F52E}
		{E54A2629-FA66-42B4-AB18-27B00A8EF413} = {785937E6-D305-419D-A20D-C26E8963F52E}
		{F8F389A0-6B56-4158-AA2D-E17CA3FF4DA1} = {64E6CCA4-0C99-4EDC-BFAA-4FD69AFBE4E8}
		{CE75424E-A021-4B17-8A67-31FA8FA85B66} = {64E6CCA4-0C99-4EDC-BFAA-4FD69AFBE4E8}
	EndGlobalSection
	GlobalSection(ExtensibilityGlobals) = postSolution
		SolutionGuid = {34F110DD-247D-4510-8D90-FE7DB01AD274}
	EndGlobalSection
EndGlobal
